
Microsoft Visual Studio Solution File, Format Version 12.00
# Visual Studio 15
VisualStudioVersion = 15.0.28307.2092
MinimumVisualStudioVersion = 10.0.40219.1
Project("{FAE04EC0-301F-11D3-BF4B-00C04F79EFBC}") = "CustomersAjax", "CustomersAjax\CustomersAjax.csproj", "{3ACB7CE7-075E-47E6-A93B-1075EE3CA5F6}"
EndProject
Global
	GlobalSection(SolutionConfigurationPlatforms) = preSolution
		Debug|Any CPU = Debug|Any CPU
		Release|Any CPU = Release|Any CPU
	EndGlobalSection
	GlobalSection(ProjectConfigurationPlatforms) = postSolution
		{3ACB7CE7-075E-47E6-A93B-1075EE3CA5F6}.Debug|Any CPU.ActiveCfg = Debug|Any CPU
		{3ACB7CE7-075E-47E6-A93B-1075EE3CA5F6}.Debug|Any CPU.Build.0 = Debug|Any CPU
		{3ACB7CE7-075E-47E6-A93B-1075EE3CA5F6}.Release|Any CPU.ActiveCfg = Release|Any CPU
		{3ACB7CE7-075E-47E6-A93B-1075EE3CA5F6}.Release|Any CPU.Build.0 = Release|Any CPU
	EndGlobalSection
	GlobalSection(SolutionProperties) = preSolution
		HideSolutionNode = FALSE
	EndGlobalSection
	GlobalSection(ExtensibilityGlobals) = postSolution
		SolutionGuid = {BA35EE69-6E4E-401E-9638-D7BA43831153}
	EndGlobalSection
EndGlobal
